
Microsoft Visual Studio Solution File, Format Version 12.00
# Visual Studio Version 17
VisualStudioVersion = 17.3.32825.248
MinimumVisualStudioVersion = 10.0.40219.1
Project("{FAE04EC0-301F-11D3-BF4B-00C04F79EFBC}") = "MyFirstApp", "MyFirstApp\MyFirstApp.csproj", "{B4B48EDD-7D10-4966-B905-26062E9795BF}"
EndProject
Global
	GlobalSection(SolutionConfigurationPlatforms) = preSolution
		Debug|Any CPU = Debug|Any CPU
		Release|Any CPU = Release|Any CPU
	EndGlobalSection
	GlobalSection(ProjectConfigurationPlatforms) = postSolution
		{B4B48EDD-7D10-4966-B905-26062E9795BF}.Debug|Any CPU.ActiveCfg = Debug|Any CPU
		{B4B48EDD-7D10-4966-B905-26062E9795BF}.Debug|Any CPU.Build.0 = Debug|Any CPU
		{B4B48EDD-7D10-4966-B905-26062E9795BF}.Release|Any CPU.ActiveCfg = Release|Any CPU
		{B4B48EDD-7D10-4966-B905-26062E9795BF}.Release|Any CPU.Build.0 = Release|Any CPU
	EndGlobalSection
	GlobalSection(SolutionProperties) = preSolution
		HideSolutionNode = FALSE
	EndGlobalSection
	GlobalSection(ExtensibilityGlobals) = postSolution
		SolutionGuid = {2A151495-FD7A-42C6-AA8A-15F51C992007}
	EndGlobalSection
EndGlobal
